
Microsoft Visual Studio Solution File, Format Version 12.00
# Visual Studio 14
VisualStudioVersion = 14.0.25420.1
MinimumVisualStudioVersion = 10.0.40219.1
Project("{FAE04EC0-301F-11D3-BF4B-00C04F79EFBC}") = "SimpleFactory", "SimpleFactory\SimpleFactory.csproj", "{966E034E-7BF9-4C20-BCCA-A9983C3357A5}"
EndProject
Project("{FAE04EC0-301F-11D3-BF4B-00C04F79EFBC}") = "AbstractFactory", "AbstractFactory\AbstractFactory.csproj", "{6823DB65-1B6D-4B28-B2E3-CE535164B744}"
EndProject
Project("{FAE04EC0-301F-11D3-BF4B-00C04F79EFBC}") = "Singleton", "Singleton\Singleton.csproj", "{80353528-8F42-4F29-99A5-CFC98D0FAC17}"
EndProject
Project("{FAE04EC0-301F-11D3-BF4B-00C04F79EFBC}") = "BuilderPattern", "BuilderPattern\BuilderPattern.csproj", "{105715CE-BD51-44CE-BD9B-003141646E7E}"
EndProject
Project("{FAE04EC0-301F-11D3-BF4B-00C04F79EFBC}") = "Prototype", "Prototype\Prototype.csproj", "{9FE16686-44EA-4DBE-8E76-4E54E6BA7389}"
EndProject
Global
	GlobalSection(SolutionConfigurationPlatforms) = preSolution
		Debug|Any CPU = Debug|Any CPU
		Release|Any CPU = Release|Any CPU
	EndGlobalSection
	GlobalSection(ProjectConfigurationPlatforms) = postSolution
		{966E034E-7BF9-4C20-BCCA-A9983C3357A5}.Debug|Any CPU.ActiveCfg = Debug|Any CPU
		{966E034E-7BF9-4C20-BCCA-A9983C3357A5}.Debug|Any CPU.Build.0 = Debug|Any CPU
		{966E034E-7BF9-4C20-BCCA-A9983C3357A5}.Release|Any CPU.ActiveCfg = Release|Any CPU
		{966E034E-7BF9-4C20-BCCA-A9983C3357A5}.Release|Any CPU.Build.0 = Release|Any CPU
		{6823DB65-1B6D-4B28-B2E3-CE535164B744}.Debug|Any CPU.ActiveCfg = Debug|Any CPU
		{6823DB65-1B6D-4B28-B2E3-CE535164B744}.Debug|Any CPU.Build.0 = Debug|Any CPU
		{6823DB65-1B6D-4B28-B2E3-CE535164B744}.Release|Any CPU.ActiveCfg = Release|Any CPU
		{6823DB65-1B6D-4B28-B2E3-CE535164B744}.Release|Any CPU.Build.0 = Release|Any CPU
		{80353528-8F42-4F29-99A5-CFC98D0FAC17}.Debug|Any CPU.ActiveCfg = Debug|Any CPU
		{80353528-8F42-4F29-99A5-CFC98D0FAC17}.Debug|Any CPU.Build.0 = Debug|Any CPU
		{80353528-8F42-4F29-99A5-CFC98D0FAC17}.Release|Any CPU.ActiveCfg = Release|Any CPU
		{80353528-8F42-4F29-99A5-CFC98D0FAC17}.Release|Any CPU.Build.0 = Release|Any CPU
		{105715CE-BD51-44CE-BD9B-003141646E7E}.Debug|Any CPU.ActiveCfg = Debug|Any CPU
		{105715CE-BD51-44CE-BD9B-003141646E7E}.Debug|Any CPU.Build.0 = Debug|Any CPU
		{105715CE-BD51-44CE-BD9B-003141646E7E}.Release|Any CPU.ActiveCfg = Release|Any CPU
		{105715CE-BD51-44CE-BD9B-003141646E7E}.Release|Any CPU.Build.0 = Release|Any CPU
		{9FE16686-44EA-4DBE-8E76-4E54E6BA7389}.Debug|Any CPU.ActiveCfg = Debug|Any CPU
		{9FE16686-44EA-4DBE-8E76-4E54E6BA7389}.Debug|Any CPU.Build.0 = Debug|Any CPU
		{9FE16686-44EA-4DBE-8E76-4E54E6BA7389}.Release|Any CPU.ActiveCfg = Release|Any CPU
		{9FE16686-44EA-4DBE-8E76-4E54E6BA7389}.Release|Any CPU.Build.0 = Release|Any CPU
	EndGlobalSection
	GlobalSection(SolutionProperties) = preSolution
		HideSolutionNode = FALSE
	EndGlobalSection
EndGlobal
