
Microsoft Visual Studio Solution File, Format Version 12.00
# Visual Studio 14
VisualStudioVersion = 14.0.25420.1
MinimumVisualStudioVersion = 10.0.40219.1
Project("{FAE04EC0-301F-11D3-BF4B-00C04F79EFBC}") = "SimpleFactory", "SimpleFactory\SimpleFactory.csproj", "{966E034E-7BF9-4C20-BCCA-A9983C3357A5}"
EndProject
Project("{FAE04EC0-301F-11D3-BF4B-00C04F79EFBC}") = "AbstractFactory", "AbstractFactory\AbstractFactory.csproj", "{6823DB65-1B6D-4B28-B2E3-CE535164B744}"
EndProject
Project("{FAE04EC0-301F-11D3-BF4B-00C04F79EFBC}") = "Singleton", "Singleton\Singleton.csproj", "{80353528-8F42-4F29-99A5-CFC98D0FAC17}"
EndProject
Project("{FAE04EC0-301F-11D3-BF4B-00C04F79EFBC}") = "BuilderPattern", "BuilderPattern\BuilderPattern.csproj", "{105715CE-BD51-44CE-BD9B-003141646E7E}"
EndProject
Project("{FAE04EC0-301F-11D3-BF4B-00C04F79EFBC}") = "Prototype", "Prototype\Prototype.csproj", "{9FE16686-44EA-4DBE-8E76-4E54E6BA7389}"
EndProject
Project("{FAE04EC0-301F-11D3-BF4B-00C04F79EFBC}") = "AdapterPattern", "AdapterPattern\AdapterPattern.csproj", "{0F48C097-ED30-4506-9B2F-6FEC77219824}"
EndProject
Project("{FAE04EC0-301F-11D3-BF4B-00C04F79EFBC}") = "BridgePattern", "BridgePattern\BridgePattern.csproj", "{32987269-9EB9-400E-9341-FC06182553BF}"
EndProject
Project("{FAE04EC0-301F-11D3-BF4B-00C04F79EFBC}") = "Composite", "Composite\Composite.csproj", "{7F8B7AAA-56DA-485C-8F56-7DCF027A9C8A}"
EndProject
Project("{FAE04EC0-301F-11D3-BF4B-00C04F79EFBC}") = "Decorator", "Decorator\Decorator.csproj", "{F09C0480-C7DE-4B02-9159-EC6EC917D42B}"
EndProject
Project("{FAE04EC0-301F-11D3-BF4B-00C04F79EFBC}") = "FacadePattern", "FacadePattern\FacadePattern.csproj", "{5AC72710-F288-4F3D-8F77-DB72F37B5AC7}"
EndProject
Project("{FAE04EC0-301F-11D3-BF4B-00C04F79EFBC}") = "Proxy", "Proxy\Proxy.csproj", "{30611509-9C78-4A8D-A0DC-E16DC862EDD0}"
EndProject
Project("{FAE04EC0-301F-11D3-BF4B-00C04F79EFBC}") = "ChainOfResponsibility", "ChainOfResponsibility\ChainOfResponsibility.csproj", "{03ABC294-2FC9-474B-A0AE-1B3A554A8E24}"
EndProject
Project("{FAE04EC0-301F-11D3-BF4B-00C04F79EFBC}") = "Mediator", "Mediator\Mediator.csproj", "{105E3171-2F6B-4E30-A964-A8D2680AF79D}"
EndProject
Global
	GlobalSection(SolutionConfigurationPlatforms) = preSolution
		Debug|Any CPU = Debug|Any CPU
		Release|Any CPU = Release|Any CPU
	EndGlobalSection
	GlobalSection(ProjectConfigurationPlatforms) = postSolution
		{966E034E-7BF9-4C20-BCCA-A9983C3357A5}.Debug|Any CPU.ActiveCfg = Debug|Any CPU
		{966E034E-7BF9-4C20-BCCA-A9983C3357A5}.Debug|Any CPU.Build.0 = Debug|Any CPU
		{966E034E-7BF9-4C20-BCCA-A9983C3357A5}.Release|Any CPU.ActiveCfg = Release|Any CPU
		{966E034E-7BF9-4C20-BCCA-A9983C3357A5}.Release|Any CPU.Build.0 = Release|Any CPU
		{6823DB65-1B6D-4B28-B2E3-CE535164B744}.Debug|Any CPU.ActiveCfg = Debug|Any CPU
		{6823DB65-1B6D-4B28-B2E3-CE535164B744}.Debug|Any CPU.Build.0 = Debug|Any CPU
		{6823DB65-1B6D-4B28-B2E3-CE535164B744}.Release|Any CPU.ActiveCfg = Release|Any CPU
		{6823DB65-1B6D-4B28-B2E3-CE535164B744}.Release|Any CPU.Build.0 = Release|Any CPU
		{80353528-8F42-4F29-99A5-CFC98D0FAC17}.Debug|Any CPU.ActiveCfg = Debug|Any CPU
		{80353528-8F42-4F29-99A5-CFC98D0FAC17}.Debug|Any CPU.Build.0 = Debug|Any CPU
		{80353528-8F42-4F29-99A5-CFC98D0FAC17}.Release|Any CPU.ActiveCfg = Release|Any CPU
		{80353528-8F42-4F29-99A5-CFC98D0FAC17}.Release|Any CPU.Build.0 = Release|Any CPU
		{105715CE-BD51-44CE-BD9B-003141646E7E}.Debug|Any CPU.ActiveCfg = Debug|Any CPU
		{105715CE-BD51-44CE-BD9B-003141646E7E}.Debug|Any CPU.Build.0 = Debug|Any CPU
		{105715CE-BD51-44CE-BD9B-003141646E7E}.Release|Any CPU.ActiveCfg = Release|Any CPU
		{105715CE-BD51-44CE-BD9B-003141646E7E}.Release|Any CPU.Build.0 = Release|Any CPU
		{9FE16686-44EA-4DBE-8E76-4E54E6BA7389}.Debug|Any CPU.ActiveCfg = Debug|Any CPU
		{9FE16686-44EA-4DBE-8E76-4E54E6BA7389}.Debug|Any CPU.Build.0 = Debug|Any CPU
		{9FE16686-44EA-4DBE-8E76-4E54E6BA7389}.Release|Any CPU.ActiveCfg = Release|Any CPU
		{9FE16686-44EA-4DBE-8E76-4E54E6BA7389}.Release|Any CPU.Build.0 = Release|Any CPU
		{0F48C097-ED30-4506-9B2F-6FEC77219824}.Debug|Any CPU.ActiveCfg = Debug|Any CPU
		{0F48C097-ED30-4506-9B2F-6FEC77219824}.Debug|Any CPU.Build.0 = Debug|Any CPU
		{0F48C097-ED30-4506-9B2F-6FEC77219824}.Release|Any CPU.ActiveCfg = Release|Any CPU
		{0F48C097-ED30-4506-9B2F-6FEC77219824}.Release|Any CPU.Build.0 = Release|Any CPU
		{32987269-9EB9-400E-9341-FC06182553BF}.Debug|Any CPU.ActiveCfg = Debug|Any CPU
		{32987269-9EB9-400E-9341-FC06182553BF}.Debug|Any CPU.Build.0 = Debug|Any CPU
		{32987269-9EB9-400E-9341-FC06182553BF}.Release|Any CPU.ActiveCfg = Release|Any CPU
		{32987269-9EB9-400E-9341-FC06182553BF}.Release|Any CPU.Build.0 = Release|Any CPU
		{7F8B7AAA-56DA-485C-8F56-7DCF027A9C8A}.Debug|Any CPU.ActiveCfg = Debug|Any CPU
		{7F8B7AAA-56DA-485C-8F56-7DCF027A9C8A}.Debug|Any CPU.Build.0 = Debug|Any CPU
		{7F8B7AAA-56DA-485C-8F56-7DCF027A9C8A}.Release|Any CPU.ActiveCfg = Release|Any CPU
		{7F8B7AAA-56DA-485C-8F56-7DCF027A9C8A}.Release|Any CPU.Build.0 = Release|Any CPU
		{F09C0480-C7DE-4B02-9159-EC6EC917D42B}.Debug|Any CPU.ActiveCfg = Debug|Any CPU
		{F09C0480-C7DE-4B02-9159-EC6EC917D42B}.Debug|Any CPU.Build.0 = Debug|Any CPU
		{F09C0480-C7DE-4B02-9159-EC6EC917D42B}.Release|Any CPU.ActiveCfg = Release|Any CPU
		{F09C0480-C7DE-4B02-9159-EC6EC917D42B}.Release|Any CPU.Build.0 = Release|Any CPU
		{5AC72710-F288-4F3D-8F77-DB72F37B5AC7}.Debug|Any CPU.ActiveCfg = Debug|Any CPU
		{5AC72710-F288-4F3D-8F77-DB72F37B5AC7}.Debug|Any CPU.Build.0 = Debug|Any CPU
		{5AC72710-F288-4F3D-8F77-DB72F37B5AC7}.Release|Any CPU.ActiveCfg = Release|Any CPU
		{5AC72710-F288-4F3D-8F77-DB72F37B5AC7}.Release|Any CPU.Build.0 = Release|Any CPU
		{30611509-9C78-4A8D-A0DC-E16DC862EDD0}.Debug|Any CPU.ActiveCfg = Debug|Any CPU
		{30611509-9C78-4A8D-A0DC-E16DC862EDD0}.Debug|Any CPU.Build.0 = Debug|Any CPU
		{30611509-9C78-4A8D-A0DC-E16DC862EDD0}.Release|Any CPU.ActiveCfg = Release|Any CPU
		{30611509-9C78-4A8D-A0DC-E16DC862EDD0}.Release|Any CPU.Build.0 = Release|Any CPU
		{03ABC294-2FC9-474B-A0AE-1B3A554A8E24}.Debug|Any CPU.ActiveCfg = Debug|Any CPU
		{03ABC294-2FC9-474B-A0AE-1B3A554A8E24}.Debug|Any CPU.Build.0 = Debug|Any CPU
		{03ABC294-2FC9-474B-A0AE-1B3A554A8E24}.Release|Any CPU.ActiveCfg = Release|Any CPU
		{03ABC294-2FC9-474B-A0AE-1B3A554A8E24}.Release|Any CPU.Build.0 = Release|Any CPU
		{105E3171-2F6B-4E30-A964-A8D2680AF79D}.Debug|Any CPU.ActiveCfg = Debug|Any CPU
		{105E3171-2F6B-4E30-A964-A8D2680AF79D}.Debug|Any CPU.Build.0 = Debug|Any CPU
		{105E3171-2F6B-4E30-A964-A8D2680AF79D}.Release|Any CPU.ActiveCfg = Release|Any CPU
		{105E3171-2F6B-4E30-A964-A8D2680AF79D}.Release|Any CPU.Build.0 = Release|Any CPU
	EndGlobalSection
	GlobalSection(SolutionProperties) = preSolution
		HideSolutionNode = FALSE
	EndGlobalSection
EndGlobal
